Microsoft Visual Studio Solution File, Format Version 12.00
# Visual Studio 2012
Project("{FAE04EC0-301F-11D3-BF4B-00C04F79EFBC}") = "CozyCafe", "CozyCafe.csproj", "{CCB69902-7D05-4331-9970-AAD52EF808CD}"
EndProject
Global
	GlobalSection(SolutionConfigurationPlatforms) = preSolution
	Debug|Any CPU = Debug|Any CPU
	ExportDebug|Any CPU = ExportDebug|Any CPU
	ExportRelease|Any CPU = ExportRelease|Any CPU
	EndGlobalSection
	GlobalSection(ProjectConfigurationPlatforms) = postSolution
		{CCB69902-7D05-4331-9970-AAD52EF808CD}.Debug|Any CPU.ActiveCfg = Debug|Any CPU
		{CCB69902-7D05-4331-9970-AAD52EF808CD}.Debug|Any CPU.Build.0 = Debug|Any CPU
		{CCB69902-7D05-4331-9970-AAD52EF808CD}.ExportDebug|Any CPU.ActiveCfg = ExportDebug|Any CPU
		{CCB69902-7D05-4331-9970-AAD52EF808CD}.ExportDebug|Any CPU.Build.0 = ExportDebug|Any CPU
		{CCB69902-7D05-4331-9970-AAD52EF808CD}.ExportRelease|Any CPU.ActiveCfg = ExportRelease|Any CPU
		{CCB69902-7D05-4331-9970-AAD52EF808CD}.ExportRelease|Any CPU.Build.0 = ExportRelease|Any CPU
	EndGlobalSection
EndGlobal
